
Microsoft Visual Studio Solution File, Format Version 12.00
# Visual Studio 15
VisualStudioVersion = 15.0.28307.645
MinimumVisualStudioVersion = 10.0.40219.1
Project("{888888A0-9F3D-457C-B088-3A5042F75D52}") = "learn_python", "learn_python\learn_python.pyproj", "{14F6CB0D-D169-4F1D-A320-1F921BCA8632}"
EndProject
Global
	GlobalSection(SolutionConfigurationPlatforms) = preSolution
		Debug|Any CPU = Debug|Any CPU
		Release|Any CPU = Release|Any CPU
	EndGlobalSection
	GlobalSection(ProjectConfigurationPlatforms) = postSolution
		{14F6CB0D-D169-4F1D-A320-1F921BCA8632}.Debug|Any CPU.ActiveCfg = Debug|Any CPU
		{14F6CB0D-D169-4F1D-A320-1F921BCA8632}.Release|Any CPU.ActiveCfg = Release|Any CPU
	EndGlobalSection
	GlobalSection(SolutionProperties) = preSolution
		HideSolutionNode = FALSE
	EndGlobalSection
	GlobalSection(ExtensibilityGlobals) = postSolution
		SolutionGuid = {09C416AA-9017-4B9D-ABCB-962A1E26A377}
	EndGlobalSection
EndGlobal
